
Microsoft Visual Studio Solution File, Format Version 12.00
# Visual Studio Version 16
VisualStudioVersion = 16.0.31112.23
MinimumVisualStudioVersion = 10.0.40219.1
Project("{FAE04EC0-301F-11D3-BF4B-00C04F79EFBC}") = "H2Automat", "H2Automat\H2Automat.csproj", "{65D23BEC-C9AE-4725-8E38-A21D78742B71}"
EndProject
Project("{FAE04EC0-301F-11D3-BF4B-00C04F79EFBC}") = "AutomatUnit.Test", "AutomatUnit.Test\AutomatUnit.Test.csproj", "{A29E217A-6014-4370-B26C-ECC6F445C403}"
EndProject
Global
	GlobalSection(SolutionConfigurationPlatforms) = preSolution
		Debug|Any CPU = Debug|Any CPU
		Release|Any CPU = Release|Any CPU
	EndGlobalSection
	GlobalSection(ProjectConfigurationPlatforms) = postSolution
		{65D23BEC-C9AE-4725-8E38-A21D78742B71}.Debug|Any CPU.ActiveCfg = Debug|Any CPU
		{65D23BEC-C9AE-4725-8E38-A21D78742B71}.Debug|Any CPU.Build.0 = Debug|Any CPU
		{65D23BEC-C9AE-4725-8E38-A21D78742B71}.Release|Any CPU.ActiveCfg = Release|Any CPU
		{65D23BEC-C9AE-4725-8E38-A21D78742B71}.Release|Any CPU.Build.0 = Release|Any CPU
		{A29E217A-6014-4370-B26C-ECC6F445C403}.Debug|Any CPU.ActiveCfg = Debug|Any CPU
		{A29E217A-6014-4370-B26C-ECC6F445C403}.Debug|Any CPU.Build.0 = Debug|Any CPU
		{A29E217A-6014-4370-B26C-ECC6F445C403}.Release|Any CPU.ActiveCfg = Release|Any CPU
		{A29E217A-6014-4370-B26C-ECC6F445C403}.Release|Any CPU.Build.0 = Release|Any CPU
	EndGlobalSection
	GlobalSection(SolutionProperties) = preSolution
		HideSolutionNode = FALSE
	EndGlobalSection
	GlobalSection(ExtensibilityGlobals) = postSolution
		SolutionGuid = {2168B979-1859-44F7-9360-AD239C7E04A8}
	EndGlobalSection
EndGlobal
